
Microsoft Visual Studio Solution File, Format Version 12.00
# Visual Studio Version 16
VisualStudioVersion = 16.0.808.10
MinimumVisualStudioVersion = 10.0.40219.1
Project("{FAE04EC0-301F-11D3-BF4B-00C04F79EFBC}") = "HelloWorld.Android", "HelloWorld.Android\HelloWorld.Android.csproj", "{C76493CC-CEC8-4C13-9BD6-6EB4DC22E1A4}"
EndProject
Project("{FAE04EC0-301F-11D3-BF4B-00C04F79EFBC}") = "HelloWorld.iOS", "HelloWorld.iOS\HelloWorld.iOS.csproj", "{B105F423-D890-4BFB-9CC5-C2E2F056410A}"
EndProject
Project("{FAE04EC0-301F-11D3-BF4B-00C04F79EFBC}") = "HelloWorld", "HelloWorld\HelloWorld.csproj", "{C99E78DD-F29D-489E-804B-5D424EC6DE9F}"
EndProject
Global
	GlobalSection(SolutionConfigurationPlatforms) = preSolution
		Debug|Any CPU = Debug|Any CPU
		Release|Any CPU = Release|Any CPU
		Debug|iPhoneSimulator = Debug|iPhoneSimulator
		Release|iPhoneSimulator = Release|iPhoneSimulator
		Debug|iPhone = Debug|iPhone
		Release|iPhone = Release|iPhone
	EndGlobalSection
	GlobalSection(ProjectConfigurationPlatforms) = postSolution
		{C76493CC-CEC8-4C13-9BD6-6EB4DC22E1A4}.Debug|Any CPU.ActiveCfg = Debug|Any CPU
		{C76493CC-CEC8-4C13-9BD6-6EB4DC22E1A4}.Debug|Any CPU.Build.0 = Debug|Any CPU
		{C76493CC-CEC8-4C13-9BD6-6EB4DC22E1A4}.Release|Any CPU.ActiveCfg = Release|Any CPU
		{C76493CC-CEC8-4C13-9BD6-6EB4DC22E1A4}.Release|Any CPU.Build.0 = Release|Any CPU
		{C76493CC-CEC8-4C13-9BD6-6EB4DC22E1A4}.Debug|iPhoneSimulator.ActiveCfg = Debug|Any CPU
		{C76493CC-CEC8-4C13-9BD6-6EB4DC22E1A4}.Debug|iPhoneSimulator.Build.0 = Debug|Any CPU
		{C76493CC-CEC8-4C13-9BD6-6EB4DC22E1A4}.Release|iPhoneSimulator.ActiveCfg = Release|Any CPU
		{C76493CC-CEC8-4C13-9BD6-6EB4DC22E1A4}.Release|iPhoneSimulator.Build.0 = Release|Any CPU
		{C76493CC-CEC8-4C13-9BD6-6EB4DC22E1A4}.Debug|iPhone.ActiveCfg = Debug|Any CPU
		{C76493CC-CEC8-4C13-9BD6-6EB4DC22E1A4}.Debug|iPhone.Build.0 = Debug|Any CPU
		{C76493CC-CEC8-4C13-9BD6-6EB4DC22E1A4}.Release|iPhone.ActiveCfg = Release|Any CPU
		{C76493CC-CEC8-4C13-9BD6-6EB4DC22E1A4}.Release|iPhone.Build.0 = Release|Any CPU
		{B105F423-D890-4BFB-9CC5-C2E2F056410A}.Debug|Any CPU.ActiveCfg = Debug|iPhoneSimulator
		{B105F423-D890-4BFB-9CC5-C2E2F056410A}.Debug|Any CPU.Build.0 = Debug|iPhoneSimulator
		{B105F423-D890-4BFB-9CC5-C2E2F056410A}.Release|Any CPU.ActiveCfg = Release|iPhoneSimulator
		{B105F423-D890-4BFB-9CC5-C2E2F056410A}.Release|Any CPU.Build.0 = Release|iPhoneSimulator
		{B105F423-D890-4BFB-9CC5-C2E2F056410A}.Debug|iPhoneSimulator.ActiveCfg = Debug|iPhoneSimulator
		{B105F423-D890-4BFB-9CC5-C2E2F056410A}.Debug|iPhoneSimulator.Build.0 = Debug|iPhoneSimulator
		{B105F423-D890-4BFB-9CC5-C2E2F056410A}.Release|iPhoneSimulator.ActiveCfg = Release|iPhoneSimulator
		{B105F423-D890-4BFB-9CC5-C2E2F056410A}.Release|iPhoneSimulator.Build.0 = Release|iPhoneSimulator
		{B105F423-D890-4BFB-9CC5-C2E2F056410A}.Debug|iPhone.ActiveCfg = Debug|iPhone
		{B105F423-D890-4BFB-9CC5-C2E2F056410A}.Debug|iPhone.Build.0 = Debug|iPhone
		{B105F423-D890-4BFB-9CC5-C2E2F056410A}.Release|iPhone.ActiveCfg = Release|iPhone
		{B105F423-D890-4BFB-9CC5-C2E2F056410A}.Release|iPhone.Build.0 = Release|iPhone
		{C99E78DD-F29D-489E-804B-5D424EC6DE9F}.Debug|Any CPU.ActiveCfg = Debug|Any CPU
		{C99E78DD-F29D-489E-804B-5D424EC6DE9F}.Debug|Any CPU.Build.0 = Debug|Any CPU
		{C99E78DD-F29D-489E-804B-5D424EC6DE9F}.Release|Any CPU.ActiveCfg = Release|Any CPU
		{C99E78DD-F29D-489E-804B-5D424EC6DE9F}.Release|Any CPU.Build.0 = Release|Any CPU
		{C99E78DD-F29D-489E-804B-5D424EC6DE9F}.Debug|iPhoneSimulator.ActiveCfg = Debug|Any CPU
		{C99E78DD-F29D-489E-804B-5D424EC6DE9F}.Debug|iPhoneSimulator.Build.0 = Debug|Any CPU
		{C99E78DD-F29D-489E-804B-5D424EC6DE9F}.Release|iPhoneSimulator.ActiveCfg = Release|Any CPU
		{C99E78DD-F29D-489E-804B-5D424EC6DE9F}.Release|iPhoneSimulator.Build.0 = Release|Any CPU
		{C99E78DD-F29D-489E-804B-5D424EC6DE9F}.Debug|iPhone.ActiveCfg = Debug|Any CPU
		{C99E78DD-F29D-489E-804B-5D424EC6DE9F}.Debug|iPhone.Build.0 = Debug|Any CPU
		{C99E78DD-F29D-489E-804B-5D424EC6DE9F}.Release|iPhone.ActiveCfg = Release|Any CPU
		{C99E78DD-F29D-489E-804B-5D424EC6DE9F}.Release|iPhone.Build.0 = Release|Any CPU
	EndGlobalSection
	GlobalSection(SolutionProperties) = preSolution
		HideSolutionNode = FALSE
	EndGlobalSection
	GlobalSection(ExtensibilityGlobals) = postSolution
		SolutionGuid = {D1ABD6F3-6025-4C7F-A279-E74A7A5A1F2D}
	EndGlobalSection
EndGlobal
