
Microsoft Visual Studio Solution File, Format Version 12.00
# Visual Studio Version 16
VisualStudioVersion = 16.0.810.2
MinimumVisualStudioVersion = 10.0.40219.1
Project("{FAE04EC0-301F-11D3-BF4B-00C04F79EFBC}") = "UsePopupPagePlugin.Android", "UsePopupPagePlugin.Android\UsePopupPagePlugin.Android.csproj", "{9AE3352D-2323-49D3-B556-562F23DF3246}"
EndProject
Project("{FAE04EC0-301F-11D3-BF4B-00C04F79EFBC}") = "UsePopupPagePlugin.iOS", "UsePopupPagePlugin.iOS\UsePopupPagePlugin.iOS.csproj", "{1A1E648C-E250-43C4-97F8-D02EB4647D4F}"
EndProject
Project("{FAE04EC0-301F-11D3-BF4B-00C04F79EFBC}") = "UsePopupPagePlugin", "UsePopupPagePlugin\UsePopupPagePlugin.csproj", "{7FBB216B-F56A-4652-A407-1B643E1D2A29}"
EndProject
Global
	GlobalSection(SolutionConfigurationPlatforms) = preSolution
		Debug|Any CPU = Debug|Any CPU
		Release|Any CPU = Release|Any CPU
		Debug|iPhoneSimulator = Debug|iPhoneSimulator
		Release|iPhoneSimulator = Release|iPhoneSimulator
		Debug|iPhone = Debug|iPhone
		Release|iPhone = Release|iPhone
	EndGlobalSection
	GlobalSection(ProjectConfigurationPlatforms) = postSolution
		{9AE3352D-2323-49D3-B556-562F23DF3246}.Debug|Any CPU.ActiveCfg = Debug|Any CPU
		{9AE3352D-2323-49D3-B556-562F23DF3246}.Debug|Any CPU.Build.0 = Debug|Any CPU
		{9AE3352D-2323-49D3-B556-562F23DF3246}.Release|Any CPU.ActiveCfg = Release|Any CPU
		{9AE3352D-2323-49D3-B556-562F23DF3246}.Release|Any CPU.Build.0 = Release|Any CPU
		{9AE3352D-2323-49D3-B556-562F23DF3246}.Debug|iPhoneSimulator.ActiveCfg = Debug|Any CPU
		{9AE3352D-2323-49D3-B556-562F23DF3246}.Debug|iPhoneSimulator.Build.0 = Debug|Any CPU
		{9AE3352D-2323-49D3-B556-562F23DF3246}.Release|iPhoneSimulator.ActiveCfg = Release|Any CPU
		{9AE3352D-2323-49D3-B556-562F23DF3246}.Release|iPhoneSimulator.Build.0 = Release|Any CPU
		{9AE3352D-2323-49D3-B556-562F23DF3246}.Debug|iPhone.ActiveCfg = Debug|Any CPU
		{9AE3352D-2323-49D3-B556-562F23DF3246}.Debug|iPhone.Build.0 = Debug|Any CPU
		{9AE3352D-2323-49D3-B556-562F23DF3246}.Release|iPhone.ActiveCfg = Release|Any CPU
		{9AE3352D-2323-49D3-B556-562F23DF3246}.Release|iPhone.Build.0 = Release|Any CPU
		{1A1E648C-E250-43C4-97F8-D02EB4647D4F}.Debug|Any CPU.ActiveCfg = Debug|iPhoneSimulator
		{1A1E648C-E250-43C4-97F8-D02EB4647D4F}.Debug|Any CPU.Build.0 = Debug|iPhoneSimulator
		{1A1E648C-E250-43C4-97F8-D02EB4647D4F}.Release|Any CPU.ActiveCfg = Release|iPhoneSimulator
		{1A1E648C-E250-43C4-97F8-D02EB4647D4F}.Release|Any CPU.Build.0 = Release|iPhoneSimulator
		{1A1E648C-E250-43C4-97F8-D02EB4647D4F}.Debug|iPhoneSimulator.ActiveCfg = Debug|iPhoneSimulator
		{1A1E648C-E250-43C4-97F8-D02EB4647D4F}.Debug|iPhoneSimulator.Build.0 = Debug|iPhoneSimulator
		{1A1E648C-E250-43C4-97F8-D02EB4647D4F}.Release|iPhoneSimulator.ActiveCfg = Release|iPhoneSimulator
		{1A1E648C-E250-43C4-97F8-D02EB4647D4F}.Release|iPhoneSimulator.Build.0 = Release|iPhoneSimulator
		{1A1E648C-E250-43C4-97F8-D02EB4647D4F}.Debug|iPhone.ActiveCfg = Debug|iPhone
		{1A1E648C-E250-43C4-97F8-D02EB4647D4F}.Debug|iPhone.Build.0 = Debug|iPhone
		{1A1E648C-E250-43C4-97F8-D02EB4647D4F}.Release|iPhone.ActiveCfg = Release|iPhone
		{1A1E648C-E250-43C4-97F8-D02EB4647D4F}.Release|iPhone.Build.0 = Release|iPhone
		{7FBB216B-F56A-4652-A407-1B643E1D2A29}.Debug|Any CPU.ActiveCfg = Debug|Any CPU
		{7FBB216B-F56A-4652-A407-1B643E1D2A29}.Debug|Any CPU.Build.0 = Debug|Any CPU
		{7FBB216B-F56A-4652-A407-1B643E1D2A29}.Release|Any CPU.ActiveCfg = Release|Any CPU
		{7FBB216B-F56A-4652-A407-1B643E1D2A29}.Release|Any CPU.Build.0 = Release|Any CPU
		{7FBB216B-F56A-4652-A407-1B643E1D2A29}.Debug|iPhoneSimulator.ActiveCfg = Debug|Any CPU
		{7FBB216B-F56A-4652-A407-1B643E1D2A29}.Debug|iPhoneSimulator.Build.0 = Debug|Any CPU
		{7FBB216B-F56A-4652-A407-1B643E1D2A29}.Release|iPhoneSimulator.ActiveCfg = Release|Any CPU
		{7FBB216B-F56A-4652-A407-1B643E1D2A29}.Release|iPhoneSimulator.Build.0 = Release|Any CPU
		{7FBB216B-F56A-4652-A407-1B643E1D2A29}.Debug|iPhone.ActiveCfg = Debug|Any CPU
		{7FBB216B-F56A-4652-A407-1B643E1D2A29}.Debug|iPhone.Build.0 = Debug|Any CPU
		{7FBB216B-F56A-4652-A407-1B643E1D2A29}.Release|iPhone.ActiveCfg = Release|Any CPU
		{7FBB216B-F56A-4652-A407-1B643E1D2A29}.Release|iPhone.Build.0 = Release|Any CPU
	EndGlobalSection
	GlobalSection(SolutionProperties) = preSolution
		HideSolutionNode = FALSE
	EndGlobalSection
	GlobalSection(ExtensibilityGlobals) = postSolution
		SolutionGuid = {1D6DB672-5213-4B56-9798-1789E7B7E1B5}
	EndGlobalSection
EndGlobal
