
Microsoft Visual Studio Solution File, Format Version 12.00
# Visual Studio Version 16
VisualStudioVersion = 16.0.810.1
MinimumVisualStudioVersion = 10.0.40219.1
Project("{FAE04EC0-301F-11D3-BF4B-00C04F79EFBC}") = "UseRealm.Android", "UseRealm.Android\UseRealm.Android.csproj", "{80E39470-A0D0-41F6-874C-6B24D8B69681}"
EndProject
Project("{FAE04EC0-301F-11D3-BF4B-00C04F79EFBC}") = "UseRealm.iOS", "UseRealm.iOS\UseRealm.iOS.csproj", "{F45394AA-BCE1-405E-842E-0581AD12CFF9}"
EndProject
Project("{FAE04EC0-301F-11D3-BF4B-00C04F79EFBC}") = "UseRealm", "UseRealm\UseRealm.csproj", "{F1B7DAE7-5450-468F-828B-75312F1E287D}"
EndProject
Global
	GlobalSection(SolutionConfigurationPlatforms) = preSolution
		Debug|Any CPU = Debug|Any CPU
		Release|Any CPU = Release|Any CPU
		Debug|iPhoneSimulator = Debug|iPhoneSimulator
		Release|iPhoneSimulator = Release|iPhoneSimulator
		Debug|iPhone = Debug|iPhone
		Release|iPhone = Release|iPhone
	EndGlobalSection
	GlobalSection(ProjectConfigurationPlatforms) = postSolution
		{80E39470-A0D0-41F6-874C-6B24D8B69681}.Debug|Any CPU.ActiveCfg = Debug|Any CPU
		{80E39470-A0D0-41F6-874C-6B24D8B69681}.Debug|Any CPU.Build.0 = Debug|Any CPU
		{80E39470-A0D0-41F6-874C-6B24D8B69681}.Release|Any CPU.ActiveCfg = Release|Any CPU
		{80E39470-A0D0-41F6-874C-6B24D8B69681}.Release|Any CPU.Build.0 = Release|Any CPU
		{80E39470-A0D0-41F6-874C-6B24D8B69681}.Debug|iPhoneSimulator.ActiveCfg = Debug|Any CPU
		{80E39470-A0D0-41F6-874C-6B24D8B69681}.Debug|iPhoneSimulator.Build.0 = Debug|Any CPU
		{80E39470-A0D0-41F6-874C-6B24D8B69681}.Release|iPhoneSimulator.ActiveCfg = Release|Any CPU
		{80E39470-A0D0-41F6-874C-6B24D8B69681}.Release|iPhoneSimulator.Build.0 = Release|Any CPU
		{80E39470-A0D0-41F6-874C-6B24D8B69681}.Debug|iPhone.ActiveCfg = Debug|Any CPU
		{80E39470-A0D0-41F6-874C-6B24D8B69681}.Debug|iPhone.Build.0 = Debug|Any CPU
		{80E39470-A0D0-41F6-874C-6B24D8B69681}.Release|iPhone.ActiveCfg = Release|Any CPU
		{80E39470-A0D0-41F6-874C-6B24D8B69681}.Release|iPhone.Build.0 = Release|Any CPU
		{F45394AA-BCE1-405E-842E-0581AD12CFF9}.Debug|Any CPU.ActiveCfg = Debug|iPhoneSimulator
		{F45394AA-BCE1-405E-842E-0581AD12CFF9}.Debug|Any CPU.Build.0 = Debug|iPhoneSimulator
		{F45394AA-BCE1-405E-842E-0581AD12CFF9}.Release|Any CPU.ActiveCfg = Release|iPhoneSimulator
		{F45394AA-BCE1-405E-842E-0581AD12CFF9}.Release|Any CPU.Build.0 = Release|iPhoneSimulator
		{F45394AA-BCE1-405E-842E-0581AD12CFF9}.Debug|iPhoneSimulator.ActiveCfg = Debug|iPhoneSimulator
		{F45394AA-BCE1-405E-842E-0581AD12CFF9}.Debug|iPhoneSimulator.Build.0 = Debug|iPhoneSimulator
		{F45394AA-BCE1-405E-842E-0581AD12CFF9}.Release|iPhoneSimulator.ActiveCfg = Release|iPhoneSimulator
		{F45394AA-BCE1-405E-842E-0581AD12CFF9}.Release|iPhoneSimulator.Build.0 = Release|iPhoneSimulator
		{F45394AA-BCE1-405E-842E-0581AD12CFF9}.Debug|iPhone.ActiveCfg = Debug|iPhone
		{F45394AA-BCE1-405E-842E-0581AD12CFF9}.Debug|iPhone.Build.0 = Debug|iPhone
		{F45394AA-BCE1-405E-842E-0581AD12CFF9}.Release|iPhone.ActiveCfg = Release|iPhone
		{F45394AA-BCE1-405E-842E-0581AD12CFF9}.Release|iPhone.Build.0 = Release|iPhone
		{F1B7DAE7-5450-468F-828B-75312F1E287D}.Debug|Any CPU.ActiveCfg = Debug|Any CPU
		{F1B7DAE7-5450-468F-828B-75312F1E287D}.Debug|Any CPU.Build.0 = Debug|Any CPU
		{F1B7DAE7-5450-468F-828B-75312F1E287D}.Release|Any CPU.ActiveCfg = Release|Any CPU
		{F1B7DAE7-5450-468F-828B-75312F1E287D}.Release|Any CPU.Build.0 = Release|Any CPU
		{F1B7DAE7-5450-468F-828B-75312F1E287D}.Debug|iPhoneSimulator.ActiveCfg = Debug|Any CPU
		{F1B7DAE7-5450-468F-828B-75312F1E287D}.Debug|iPhoneSimulator.Build.0 = Debug|Any CPU
		{F1B7DAE7-5450-468F-828B-75312F1E287D}.Release|iPhoneSimulator.ActiveCfg = Release|Any CPU
		{F1B7DAE7-5450-468F-828B-75312F1E287D}.Release|iPhoneSimulator.Build.0 = Release|Any CPU
		{F1B7DAE7-5450-468F-828B-75312F1E287D}.Debug|iPhone.ActiveCfg = Debug|Any CPU
		{F1B7DAE7-5450-468F-828B-75312F1E287D}.Debug|iPhone.Build.0 = Debug|Any CPU
		{F1B7DAE7-5450-468F-828B-75312F1E287D}.Release|iPhone.ActiveCfg = Release|Any CPU
		{F1B7DAE7-5450-468F-828B-75312F1E287D}.Release|iPhone.Build.0 = Release|Any CPU
	EndGlobalSection
	GlobalSection(SolutionProperties) = preSolution
		HideSolutionNode = FALSE
	EndGlobalSection
	GlobalSection(ExtensibilityGlobals) = postSolution
		SolutionGuid = {606523A5-9393-4B16-86D2-A5E41FAD9D50}
	EndGlobalSection
EndGlobal
